
Microsoft Visual Studio Solution File, Format Version 12.00
# Visual Studio Version 17
VisualStudioVersion = 17.4.33213.308
MinimumVisualStudioVersion = 10.0.40219.1
Project("{FAE04EC0-301F-11D3-BF4B-00C04F79EFBC}") = "ImdbTests", "GymPliusTest\ImdbTests.csproj", "{D7A47E41-D44C-427F-B518-800122879457}"
EndProject
Global
	GlobalSection(SolutionConfigurationPlatforms) = preSolution
		Debug|Any CPU = Debug|Any CPU
		Release|Any CPU = Release|Any CPU
	EndGlobalSection
	GlobalSection(ProjectConfigurationPlatforms) = postSolution
		{D7A47E41-D44C-427F-B518-800122879457}.Debug|Any CPU.ActiveCfg = Debug|Any CPU
		{D7A47E41-D44C-427F-B518-800122879457}.Debug|Any CPU.Build.0 = Debug|Any CPU
		{D7A47E41-D44C-427F-B518-800122879457}.Release|Any CPU.ActiveCfg = Release|Any CPU
		{D7A47E41-D44C-427F-B518-800122879457}.Release|Any CPU.Build.0 = Release|Any CPU
	EndGlobalSection
	GlobalSection(SolutionProperties) = preSolution
		HideSolutionNode = FALSE
	EndGlobalSection
	GlobalSection(ExtensibilityGlobals) = postSolution
		SolutionGuid = {72968C57-C245-4B76-A4A5-74B62B49CA07}
	EndGlobalSection
EndGlobal
